
Microsoft Visual Studio Solution File, Format Version 12.00
# Visual Studio Version 16
VisualStudioVersion = 16.0.30002.166
MinimumVisualStudioVersion = 10.0.40219.1
Project("{FAE04EC0-301F-11D3-BF4B-00C04F79EFBC}") = "SysLoggerCore", "SysLoggerCore\SysLoggerCore.csproj", "{75B4FC5E-6F0A-4C47-99B6-85D9E1EBDA29}"
EndProject
Global
	GlobalSection(SolutionConfigurationPlatforms) = preSolution
		Debug|Any CPU = Debug|Any CPU
		Release|Any CPU = Release|Any CPU
	EndGlobalSection
	GlobalSection(ProjectConfigurationPlatforms) = postSolution
		{75B4FC5E-6F0A-4C47-99B6-85D9E1EBDA29}.Debug|Any CPU.ActiveCfg = Debug|Any CPU
		{75B4FC5E-6F0A-4C47-99B6-85D9E1EBDA29}.Debug|Any CPU.Build.0 = Debug|Any CPU
		{75B4FC5E-6F0A-4C47-99B6-85D9E1EBDA29}.Release|Any CPU.ActiveCfg = Release|Any CPU
		{75B4FC5E-6F0A-4C47-99B6-85D9E1EBDA29}.Release|Any CPU.Build.0 = Release|Any CPU
	EndGlobalSection
	GlobalSection(SolutionProperties) = preSolution
		HideSolutionNode = FALSE
	EndGlobalSection
	GlobalSection(ExtensibilityGlobals) = postSolution
		SolutionGuid = {15B1B6D2-AC5E-4EE2-9677-2FBE73F64946}
	EndGlobalSection
EndGlobal
